PODS:
  - adaptive_menu (0.0.1):
    - Flutter
  - Flutter (1.0.0)
  - integration_test (0.0.1):
    - Flutter

DEPENDENCIES:
  - adaptive_menu (from `.symlinks/plugins/adaptive_menu/ios`)
  - Flutter (from `Flutter`)
  - integration_test (from `.symlinks/plugins/integration_test/ios`)

EXTERNAL SOURCES:
  adaptive_menu:
    :path: ".symlinks/plugins/adaptive_menu/ios"
  Flutter:
    :path: Flutter
  integration_test:
    :path: ".symlinks/plugins/integration_test/ios"

SPEC CHECKSUMS:
  adaptive_menu: b8e71d9b01a03396ced24e012b973830e87ea541
  Flutter: e0871f40cf51350855a761d2e70bf5af5b9b5de7
  integration_test: 4a889634ef21a45d28d50d622cf412dc6d9f586e

PODFILE CHECKSUM: a901b0534ebff1a81cfb53fbf723b1bca433de9f

COCOAPODS: 1.16.2
