PODS:
  - Flutter (1.0.0)
  - hello (0.0.1):
    - Flutter

DEPENDENCIES:
  - Flutter (from `Flutter`)
  - hello (from `.symlinks/plugins/hello/ios`)

EXTERNAL SOURCES:
  Flutter:
    :path: Flutter
  hello:
    :path: ".symlinks/plugins/hello/ios"

SPEC CHECKSUMS:
  Flutter: e0871f40cf51350855a761d2e70bf5af5b9b5de7
  hello: b00613ca17b0cc1318881f3635aeca74c115bfb1

PODFILE CHECKSUM: e30f02f9d1c72c47bb6344a0a748c9d268180865

COCOAPODS: 1.16.2
